
Microsoft Visual Studio Solution File, Format Version 12.00
# Visual Studio Version 16
VisualStudioVersion = 16.0.29020.237
MinimumVisualStudioVersion = 10.0.40219.1
Project("{FAE04EC0-301F-11D3-BF4B-00C04F79EFBC}") = "InfraworksJSON", "InfraworksJSON\InfraworksJSON.csproj", "{DDCD00B1-F155-4760-8D97-665C993E0350}"
EndProject
Global
	GlobalSection(SolutionConfigurationPlatforms) = preSolution
		Debug|Any CPU = Debug|Any CPU
		Release|Any CPU = Release|Any CPU
	EndGlobalSection
	GlobalSection(ProjectConfigurationPlatforms) = postSolution
		{DDCD00B1-F155-4760-8D97-665C993E0350}.Debug|Any CPU.ActiveCfg = Debug|Any CPU
		{DDCD00B1-F155-4760-8D97-665C993E0350}.Debug|Any CPU.Build.0 = Debug|Any CPU
		{DDCD00B1-F155-4760-8D97-665C993E0350}.Release|Any CPU.ActiveCfg = Release|Any CPU
		{DDCD00B1-F155-4760-8D97-665C993E0350}.Release|Any CPU.Build.0 = Release|Any CPU
	EndGlobalSection
	GlobalSection(SolutionProperties) = preSolution
		HideSolutionNode = FALSE
	EndGlobalSection
	GlobalSection(ExtensibilityGlobals) = postSolution
		SolutionGuid = {4D9451C1-B856-4488-92BE-6D36B35FA1DA}
	EndGlobalSection
EndGlobal
